
Microsoft Visual Studio Solution File, Format Version 12.00
# Visual Studio Version 16
VisualStudioVersion = 16.0.33328.57
MinimumVisualStudioVersion = 10.0.40219.1
Project("{FAE04EC0-301F-11D3-BF4B-00C04F79EFBC}") = "ProjectTest", "ProjectTest\ProjectTest.csproj", "{0A47F750-55D1-490B-81A9-82F8DA1B7FE2}"
EndProject
Global
	GlobalSection(SolutionConfigurationPlatforms) = preSolution
		Debug|Any CPU = Debug|Any CPU
		Release|Any CPU = Release|Any CPU
	EndGlobalSection
	GlobalSection(ProjectConfigurationPlatforms) = postSolution
		{0A47F750-55D1-490B-81A9-82F8DA1B7FE2}.Debug|Any CPU.ActiveCfg = Debug|Any CPU
		{0A47F750-55D1-490B-81A9-82F8DA1B7FE2}.Debug|Any CPU.Build.0 = Debug|Any CPU
		{0A47F750-55D1-490B-81A9-82F8DA1B7FE2}.Release|Any CPU.ActiveCfg = Release|Any CPU
		{0A47F750-55D1-490B-81A9-82F8DA1B7FE2}.Release|Any CPU.Build.0 = Release|Any CPU
	EndGlobalSection
	GlobalSection(SolutionProperties) = preSolution
		HideSolutionNode = FALSE
	EndGlobalSection
	GlobalSection(ExtensibilityGlobals) = postSolution
		SolutionGuid = {14E14910-FC9B-4B31-9AD1-032448E97125}
	EndGlobalSection
EndGlobal
